// !$*UTF8*$!
{
	archiveVersion = 1;
	classes = {};
	objectVersion = 56;
	objects = {

/* Begin PBXBuildFile section */
		B20000000000000000000001 /* ProvenanceApp.swift in Sources */ = {isa = PBXBuildFile; fileRef = B10000000000000000000001 /* ProvenanceApp.swift */; };
		B20000000000000000000002 /* ProvenanceModel.swift in Sources */ = {isa = PBXBuildFile; fileRef = B10000000000000000000002 /* ProvenanceModel.swift */; };
		B20000000000000000000003 /* ProvenanceView.swift in Sources */ = {isa = PBXBuildFile; fileRef = B10000000000000000000003 /* ProvenanceView.swift */; };
		B20000000000000000000004 /* ReceiptVerifier.swift in Sources */ = {isa = PBXBuildFile; fileRef = B10000000000000000000004 /* ReceiptVerifier.swift */; };
		B20000000000000000000005 /* ProvenanceReadOnly.c in Sources */ = {isa = PBXBuildFile; fileRef = B10000000000000000000005 /* ProvenanceReadOnly.c */; };
		B20000000000000000000006 /* ReceiptVerifier.swift in Sources */ = {isa = PBXBuildFile; fileRef = B10000000000000000000004 /* ReceiptVerifier.swift */; };
		B20000000000000000000007 /* ReceiptVerifierTests.swift in Sources */ = {isa = PBXBuildFile; fileRef = B10000000000000000000007 /* ReceiptVerifierTests.swift */; };
		B20000000000000000000008 /* SwiftUI.framework in Frameworks */ = {isa = PBXBuildFile; fileRef = B10000000000000000000010 /* SwiftUI.framework */; };
		B20000000000000000000009 /* AppKit.framework in Frameworks */ = {isa = PBXBuildFile; fileRef = B10000000000000000000011 /* AppKit.framework */; };
		B2000000000000000000000A /* Security.framework in Frameworks */ = {isa = PBXBuildFile; fileRef = B10000000000000000000012 /* Security.framework */; };
		B2000000000000000000000B /* Hypervisor.framework in Frameworks */ = {isa = PBXBuildFile; fileRef = B10000000000000000000013 /* Hypervisor.framework */; };
		B2000000000000000000000C /* XCTest.framework in Frameworks */ = {isa = PBXBuildFile; fileRef = B10000000000000000000014 /* XCTest.framework */; };
		B20000000000000000000030 /* GuestContract.swift in Sources */ = {isa = PBXBuildFile; fileRef = B10000000000000000000030; };
		B20000000000000000000031 /* GuestJournal.swift in Sources */ = {isa = PBXBuildFile; fileRef = B10000000000000000000031; };
		B20000000000000000000032 /* HypervisorGuest.c in Sources */ = {isa = PBXBuildFile; fileRef = B10000000000000000000032; };
		B20000000000000000000034 /* HypervisorModel.swift in Sources */ = {isa = PBXBuildFile; fileRef = B10000000000000000000034; };
		B20000000000000000000035 /* HypervisorLabView.swift in Sources */ = {isa = PBXBuildFile; fileRef = B10000000000000000000035; };
		B20000000000000000000036 /* MerkleGenesis.swift in Sources */ = {isa = PBXBuildFile; fileRef = B10000000000000000000036; };
		B20000000000000000000037 /* GuestResultVerifier.swift in Sources */ = {isa = PBXBuildFile; fileRef = B10000000000000000000037; };
		B20000000000000000000040 /* GuestJournalTests.swift in Sources */ = {isa = PBXBuildFile; fileRef = B10000000000000000000040; };
		B20000000000000000000041 /* HypervisorContractTests.swift in Sources */ = {isa = PBXBuildFile; fileRef = B10000000000000000000041; };
		B20000000000000000000042 /* MerkleGenesisTests.swift in Sources */ = {isa = PBXBuildFile; fileRef = B10000000000000000000042; };
		B20000000000000000000043 /* GuestResultVerifierTests.swift in Sources */ = {isa = PBXBuildFile; fileRef = B10000000000000000000043; };
		B20000000000000000000050 = {isa = PBXBuildFile; fileRef = B10000000000000000000030; };
		B20000000000000000000051 = {isa = PBXBuildFile; fileRef = B10000000000000000000031; };
		B20000000000000000000052 = {isa = PBXBuildFile; fileRef = B10000000000000000000036; };
		B20000000000000000000053 = {isa = PBXBuildFile; fileRef = B10000000000000000000037; };
		B20000000000000000000060 = {isa = PBXBuildFile; fileRef = B10000000000000000000060; };
		B20000000000000000000061 = {isa = PBXBuildFile; fileRef = B10000000000000000000060; };
		B20000000000000000000070 = {isa = PBXBuildFile; fileRef = B10000000000000000000070; };
		B20000000000000000000071 = {isa = PBXBuildFile; fileRef = B10000000000000000000071; };
/* End PBXBuildFile section */

/* Begin PBXFileReference section */
		B10000000000000000000070 = {isa = PBXFileReference; lastKnownFileType = folder.assetcatalog; path = Assets.xcassets; sourceTree = "<group>"; };
		B10000000000000000000071 = {isa = PBXFileReference; lastKnownFileType = text.xml; path = PrivacyInfo.xcprivacy; sourceTree = "<group>"; };
		B10000000000000000000001 /* ProvenanceApp.swift */ = {isa = PBXFileReference; lastKnownFileType = sourcecode.swift; path = ProvenanceApp.swift; sourceTree = "<group>"; };
		B10000000000000000000002 /* ProvenanceModel.swift */ = {isa = PBXFileReference; lastKnownFileType = sourcecode.swift; path = ProvenanceModel.swift; sourceTree = "<group>"; };
		B10000000000000000000003 /* ProvenanceView.swift */ = {isa = PBXFileReference; lastKnownFileType = sourcecode.swift; path = ProvenanceView.swift; sourceTree = "<group>"; };
		B10000000000000000000004 /* ReceiptVerifier.swift */ = {isa = PBXFileReference; lastKnownFileType = sourcecode.swift; path = ReceiptVerifier.swift; sourceTree = "<group>"; };
		B10000000000000000000005 /* ProvenanceReadOnly.c */ = {isa = PBXFileReference; lastKnownFileType = sourcecode.c.c; path = ProvenanceReadOnly.c; sourceTree = "<group>"; };
		B10000000000000000000006 /* ProvenanceReadOnly.h */ = {isa = PBXFileReference; lastKnownFileType = sourcecode.c.h; path = ProvenanceReadOnly.h; sourceTree = "<group>"; };
		B10000000000000000000007 /* ReceiptVerifierTests.swift */ = {isa = PBXFileReference; lastKnownFileType = sourcecode.swift; path = ReceiptVerifierTests.swift; sourceTree = "<group>"; };
		B10000000000000000000008 /* Info.plist */ = {isa = PBXFileReference; lastKnownFileType = text.plist.xml; path = Info.plist; sourceTree = "<group>"; };
		B10000000000000000000009 /* Entitlements.plist */ = {isa = PBXFileReference; lastKnownFileType = text.plist.entitlements; path = Entitlements.plist; sourceTree = "<group>"; };
		B1000000000000000000000A /* read-only-successor.v1.json */ = {isa = PBXFileReference; lastKnownFileType = text.json; path = "read-only-successor.v1.json"; sourceTree = "<group>"; };
		B10000000000000000000010 /* SwiftUI.framework */ = {isa = PBXFileReference; lastKnownFileType = wrapper.framework; name = SwiftUI.framework; path = System/Library/Frameworks/SwiftUI.framework; sourceTree = SDKROOT; };
		B10000000000000000000011 /* AppKit.framework */ = {isa = PBXFileReference; lastKnownFileType = wrapper.framework; name = AppKit.framework; path = System/Library/Frameworks/AppKit.framework; sourceTree = SDKROOT; };
		B10000000000000000000012 /* Security.framework */ = {isa = PBXFileReference; lastKnownFileType = wrapper.framework; name = Security.framework; path = System/Library/Frameworks/Security.framework; sourceTree = SDKROOT; };
		B10000000000000000000013 /* Hypervisor.framework */ = {isa = PBXFileReference; lastKnownFileType = wrapper.framework; name = Hypervisor.framework; path = System/Library/Frameworks/Hypervisor.framework; sourceTree = SDKROOT; };
		B10000000000000000000014 /* XCTest.framework */ = {isa = PBXFileReference; lastKnownFileType = wrapper.framework; name = XCTest.framework; path = Platforms/MacOSX.platform/Developer/Library/Frameworks/XCTest.framework; sourceTree = DEVELOPER_DIR; };
		B10000000000000000000020 /* Ergentics Provenance.app */ = {isa = PBXFileReference; explicitFileType = wrapper.application; includeInIndex = 0; path = "Ergentics Provenance.app"; sourceTree = BUILT_PRODUCTS_DIR; };
		B10000000000000000000021 /* ProvenanceTests.xctest */ = {isa = PBXFileReference; explicitFileType = wrapper.cfbundle; includeInIndex = 0; path = ProvenanceTests.xctest; sourceTree = BUILT_PRODUCTS_DIR; };
		B10000000000000000000030 = {isa = PBXFileReference; lastKnownFileType = sourcecode.swift; path = GuestContract.swift; sourceTree = "<group>"; };
		B10000000000000000000031 = {isa = PBXFileReference; lastKnownFileType = sourcecode.swift; path = GuestJournal.swift; sourceTree = "<group>"; };
		B10000000000000000000032 = {isa = PBXFileReference; lastKnownFileType = sourcecode.c.c; path = HypervisorGuest.c; sourceTree = "<group>"; };
		B10000000000000000000033 = {isa = PBXFileReference; lastKnownFileType = sourcecode.c.h; path = HypervisorGuest.h; sourceTree = "<group>"; };
		B10000000000000000000034 = {isa = PBXFileReference; lastKnownFileType = sourcecode.swift; path = HypervisorModel.swift; sourceTree = "<group>"; };
		B10000000000000000000035 = {isa = PBXFileReference; lastKnownFileType = sourcecode.swift; path = HypervisorLabView.swift; sourceTree = "<group>"; };
		B10000000000000000000036 = {isa = PBXFileReference; lastKnownFileType = sourcecode.swift; path = MerkleGenesis.swift; sourceTree = "<group>"; };
		B10000000000000000000037 = {isa = PBXFileReference; lastKnownFileType = sourcecode.swift; path = GuestResultVerifier.swift; sourceTree = "<group>"; };
		B10000000000000000000040 = {isa = PBXFileReference; lastKnownFileType = sourcecode.swift; path = GuestJournalTests.swift; sourceTree = "<group>"; };
		B10000000000000000000041 = {isa = PBXFileReference; lastKnownFileType = sourcecode.swift; path = HypervisorContractTests.swift; sourceTree = "<group>"; };
		B10000000000000000000042 = {isa = PBXFileReference; lastKnownFileType = sourcecode.swift; path = MerkleGenesisTests.swift; sourceTree = "<group>"; };
		B10000000000000000000043 = {isa = PBXFileReference; lastKnownFileType = sourcecode.swift; path = GuestResultVerifierTests.swift; sourceTree = "<group>"; };
		B10000000000000000000060 = {isa = PBXFileReference; lastKnownFileType = sourcecode.text-based-dylib-definition; name = libsqlite3.tbd; path = usr/lib/libsqlite3.tbd; sourceTree = SDKROOT; };
/* End PBXFileReference section */

/* Begin PBXFrameworksBuildPhase section */
		B50000000000000000000002 /* Frameworks */ = {
			isa = PBXFrameworksBuildPhase;
			buildActionMask = 2147483647;
			files = (
				B20000000000000000000008 /* SwiftUI.framework in Frameworks */,
				B20000000000000000000009 /* AppKit.framework in Frameworks */,
				B2000000000000000000000A /* Security.framework in Frameworks */,
				B2000000000000000000000B /* Hypervisor.framework in Frameworks */,
				B20000000000000000000060,
			);
			runOnlyForDeploymentPostprocessing = 0;
		};
		B50000000000000000000005 /* Frameworks */ = {
			isa = PBXFrameworksBuildPhase;
			buildActionMask = 2147483647;
			files = (
				B2000000000000000000000C /* XCTest.framework in Frameworks */,
				B20000000000000000000061,
			);
			runOnlyForDeploymentPostprocessing = 0;
		};
/* End PBXFrameworksBuildPhase section */

/* Begin PBXGroup section */
		B30000000000000000000001 = {
			isa = PBXGroup;
			children = (
				B30000000000000000000002 /* Sources */,
				B30000000000000000000003 /* Tests */,
				B30000000000000000000004 /* Control */,
				B10000000000000000000008 /* Info.plist */,
				B10000000000000000000009 /* Entitlements.plist */,
				B10000000000000000000070 /* Assets.xcassets */,
				B10000000000000000000071 /* PrivacyInfo.xcprivacy */,
				B30000000000000000000005 /* Frameworks */,
				B30000000000000000000006 /* Products */,
			);
			sourceTree = "<group>";
		};
		B30000000000000000000002 /* Sources */ = {
			isa = PBXGroup;
			children = (
				B10000000000000000000001 /* ProvenanceApp.swift */,
				B10000000000000000000002 /* ProvenanceModel.swift */,
				B10000000000000000000003 /* ProvenanceView.swift */,
				B10000000000000000000004 /* ReceiptVerifier.swift */,
				B10000000000000000000005 /* ProvenanceReadOnly.c */,
				B10000000000000000000006 /* ProvenanceReadOnly.h */,
				B10000000000000000000030,
				B10000000000000000000031,
				B10000000000000000000032,
				B10000000000000000000033,
				B10000000000000000000034,
				B10000000000000000000035,
				B10000000000000000000036,
				B10000000000000000000037,
			);
			path = Sources;
			sourceTree = "<group>";
		};
		B30000000000000000000003 /* Tests */ = {
			isa = PBXGroup;
			children = (
				B10000000000000000000007 /* ReceiptVerifierTests.swift */,
				B10000000000000000000040,
				B10000000000000000000041,
				B10000000000000000000042,
				B10000000000000000000043,
			);
			path = Tests;
			sourceTree = "<group>";
		};
		B30000000000000000000004 /* Control */ = {
			isa = PBXGroup;
			children = (
				B1000000000000000000000A /* read-only-successor.v1.json */,
			);
			path = Control;
			sourceTree = "<group>";
		};
		B30000000000000000000005 /* Frameworks */ = {
			isa = PBXGroup;
			children = (
				B10000000000000000000010 /* SwiftUI.framework */,
				B10000000000000000000011 /* AppKit.framework */,
				B10000000000000000000012 /* Security.framework */,
				B10000000000000000000013 /* Hypervisor.framework */,
				B10000000000000000000014 /* XCTest.framework */,
				B10000000000000000000060,
			);
			name = Frameworks;
			sourceTree = "<group>";
		};
		B30000000000000000000006 /* Products */ = {
			isa = PBXGroup;
			children = (
				B10000000000000000000020 /* Ergentics Provenance.app */,
				B10000000000000000000021 /* ProvenanceTests.xctest */,
			);
			name = Products;
			sourceTree = "<group>";
		};
/* End PBXGroup section */

/* Begin PBXNativeTarget section */
		B40000000000000000000001 /* ErgenticsProvenance */ = {
			isa = PBXNativeTarget;
			buildConfigurationList = B70000000000000000000002 /* Build configuration list for ErgenticsProvenance */;
			buildPhases = (
				B50000000000000000000001 /* Sources */,
				B50000000000000000000002 /* Frameworks */,
				B50000000000000000000003 /* Resources */,
			);
			buildRules = ();
			dependencies = ();
			name = ErgenticsProvenance;
			productName = "Ergentics Provenance";
			productReference = B10000000000000000000020 /* Ergentics Provenance.app */;
			productType = "com.apple.product-type.application";
		};
		B40000000000000000000002 /* ProvenanceTests */ = {
			isa = PBXNativeTarget;
			buildConfigurationList = B70000000000000000000003 /* Build configuration list for ProvenanceTests */;
			buildPhases = (
				B50000000000000000000004 /* Sources */,
				B50000000000000000000005 /* Frameworks */,
				B50000000000000000000006 /* Resources */,
			);
			buildRules = ();
			dependencies = ();
			name = ProvenanceTests;
			productName = ProvenanceTests;
			productReference = B10000000000000000000021 /* ProvenanceTests.xctest */;
			productType = "com.apple.product-type.bundle.unit-test";
		};
/* End PBXNativeTarget section */

/* Begin PBXProject section */
		BB0000000000000000000001 /* Project object */ = {
			isa = PBXProject;
			attributes = {
				BuildIndependentTargetsInParallel = YES;
				LastSwiftUpdateCheck = 2660;
				LastUpgradeCheck = 2660;
				TargetAttributes = {
					B40000000000000000000001 = {CreatedOnToolsVersion = 26.6; ProvisioningStyle = Automatic; };
					B40000000000000000000002 = {CreatedOnToolsVersion = 26.6; ProvisioningStyle = Automatic; };
				};
			};
			buildConfigurationList = B70000000000000000000001 /* Build configuration list for project */;
			compatibilityVersion = "Xcode 14.0";
			developmentRegion = en;
			hasScannedForEncodings = 0;
			knownRegions = (en, Base);
			mainGroup = B30000000000000000000001;
			productRefGroup = B30000000000000000000006 /* Products */;
			projectDirPath = "";
			projectRoot = "";
			targets = (
				B40000000000000000000001 /* ErgenticsProvenance */,
				B40000000000000000000002 /* ProvenanceTests */,
			);
		};
/* End PBXProject section */

/* Begin PBXResourcesBuildPhase section */
		B50000000000000000000003 /* Resources */ = {isa = PBXResourcesBuildPhase; buildActionMask = 2147483647; files = (B20000000000000000000070, B20000000000000000000071); runOnlyForDeploymentPostprocessing = 0; };
		B50000000000000000000006 /* Resources */ = {isa = PBXResourcesBuildPhase; buildActionMask = 2147483647; files = (); runOnlyForDeploymentPostprocessing = 0; };
/* End PBXResourcesBuildPhase section */

/* Begin PBXSourcesBuildPhase section */
		B50000000000000000000001 /* Sources */ = {
			isa = PBXSourcesBuildPhase;
			buildActionMask = 2147483647;
			files = (
				B20000000000000000000001 /* ProvenanceApp.swift in Sources */,
				B20000000000000000000002 /* ProvenanceModel.swift in Sources */,
				B20000000000000000000003 /* ProvenanceView.swift in Sources */,
				B20000000000000000000004 /* ReceiptVerifier.swift in Sources */,
				B20000000000000000000005 /* ProvenanceReadOnly.c in Sources */,
				B20000000000000000000030,
				B20000000000000000000031,
				B20000000000000000000032,
				B20000000000000000000034,
				B20000000000000000000035,
				B20000000000000000000036,
				B20000000000000000000037,
			);
			runOnlyForDeploymentPostprocessing = 0;
		};
		B50000000000000000000004 /* Sources */ = {
			isa = PBXSourcesBuildPhase;
			buildActionMask = 2147483647;
			files = (
				B20000000000000000000006 /* ReceiptVerifier.swift in Sources */,
				B20000000000000000000007 /* ReceiptVerifierTests.swift in Sources */,
				B20000000000000000000040,
				B20000000000000000000041,
				B20000000000000000000042,
				B20000000000000000000043,
				B20000000000000000000050,
				B20000000000000000000051,
				B20000000000000000000052,
				B20000000000000000000053,
			);
			runOnlyForDeploymentPostprocessing = 0;
		};
/* End PBXSourcesBuildPhase section */

/* Begin XCBuildConfiguration section */
		B60000000000000000000001 /* Debug */ = {
			isa = XCBuildConfiguration;
			buildSettings = {
				ARCHS = arm64;
				CLANG_ENABLE_MODULES = YES;
				CLANG_ENABLE_OBJC_ARC = YES;
				COPY_PHASE_STRIP = NO;
				DEBUG_INFORMATION_FORMAT = dwarf;
				ENABLE_STRICT_OBJC_MSGSEND = YES;
				ENABLE_TESTABILITY = YES;
				GCC_C_LANGUAGE_STANDARD = c11;
				GCC_NO_COMMON_BLOCKS = YES;
				GCC_OPTIMIZATION_LEVEL = 0;
				GCC_PREPROCESSOR_DEFINITIONS = ("DEBUG=1", "$(inherited)");
				MACOSX_DEPLOYMENT_TARGET = 14.0;
				ONLY_ACTIVE_ARCH = YES;
				SDKROOT = macosx;
				SUPPORTED_PLATFORMS = macosx;
				SWIFT_ACTIVE_COMPILATION_CONDITIONS = DEBUG;
				SWIFT_OPTIMIZATION_LEVEL = "-Onone";
				SWIFT_STRICT_CONCURRENCY = complete;
				SWIFT_VERSION = 6.0;
			};
			name = Debug;
		};
		B60000000000000000000002 /* Release */ = {
			isa = XCBuildConfiguration;
			buildSettings = {
				ARCHS = arm64;
				CLANG_ENABLE_MODULES = YES;
				CLANG_ENABLE_OBJC_ARC = YES;
				COPY_PHASE_STRIP = NO;
				DEBUG_INFORMATION_FORMAT = "dwarf-with-dsym";
				ENABLE_NS_ASSERTIONS = NO;
				ENABLE_STRICT_OBJC_MSGSEND = YES;
				GCC_C_LANGUAGE_STANDARD = c11;
				GCC_NO_COMMON_BLOCKS = YES;
				MACOSX_DEPLOYMENT_TARGET = 14.0;
				ONLY_ACTIVE_ARCH = YES;
				SDKROOT = macosx;
				SUPPORTED_PLATFORMS = macosx;
				SWIFT_COMPILATION_MODE = wholemodule;
				SWIFT_OPTIMIZATION_LEVEL = "-O";
				SWIFT_STRICT_CONCURRENCY = complete;
				SWIFT_VERSION = 6.0;
			};
			name = Release;
		};
		B60000000000000000000003 /* Debug */ = {
			isa = XCBuildConfiguration;
			buildSettings = {
				ASSETCATALOG_COMPILER_APPICON_NAME = AppIcon;
				CODE_SIGN_ENTITLEMENTS = Entitlements.plist;
				CODE_SIGN_IDENTITY = "Apple Development";
				CODE_SIGN_INJECT_BASE_ENTITLEMENTS = NO;
				CODE_SIGN_STYLE = Automatic;
				CODE_SIGNING_ALLOWED = YES;
				CODE_SIGNING_REQUIRED = YES;
				CURRENT_PROJECT_VERSION = 1;
				DEVELOPMENT_TEAM = ZCQ435U8JP;
				ENABLE_APP_SANDBOX = YES;
				ENABLE_DEBUG_DYLIB = NO;
				ENABLE_HARDENED_RUNTIME = YES;
				GENERATE_INFOPLIST_FILE = NO;
				HEADER_SEARCH_PATHS = ("$(inherited)", "$(SRCROOT)/Sources");
				INFOPLIST_FILE = Info.plist;
				LD_RUNPATH_SEARCH_PATHS = ("$(inherited)", "@executable_path/../Frameworks");
				MARKETING_VERSION = 1.0;
				PRODUCT_BUNDLE_IDENTIFIER = com.ergentics.provenance;
				PRODUCT_MODULE_NAME = ErgenticsProvenance;
				PRODUCT_NAME = "Ergentics Provenance";
				PROVISIONING_PROFILE_SPECIFIER = "";
				SKIP_INSTALL = NO;
				SWIFT_OBJC_BRIDGING_HEADER = Sources/ProvenanceReadOnly.h;
			};
			name = Debug;
		};
		B60000000000000000000004 /* Release */ = {
			isa = XCBuildConfiguration;
			buildSettings = {
				ASSETCATALOG_COMPILER_APPICON_NAME = AppIcon;
				CODE_SIGN_ENTITLEMENTS = Entitlements.plist;
				CODE_SIGN_IDENTITY = "Apple Development";
				CODE_SIGN_INJECT_BASE_ENTITLEMENTS = NO;
				CODE_SIGN_STYLE = Automatic;
				CODE_SIGNING_ALLOWED = YES;
				CODE_SIGNING_REQUIRED = YES;
				CURRENT_PROJECT_VERSION = 1;
				DEVELOPMENT_TEAM = ZCQ435U8JP;
				ENABLE_APP_SANDBOX = YES;
				ENABLE_DEBUG_DYLIB = NO;
				ENABLE_HARDENED_RUNTIME = YES;
				GENERATE_INFOPLIST_FILE = NO;
				HEADER_SEARCH_PATHS = ("$(inherited)", "$(SRCROOT)/Sources");
				INFOPLIST_FILE = Info.plist;
				LD_RUNPATH_SEARCH_PATHS = ("$(inherited)", "@executable_path/../Frameworks");
				MARKETING_VERSION = 1.0;
				PRODUCT_BUNDLE_IDENTIFIER = com.ergentics.provenance;
				PRODUCT_MODULE_NAME = ErgenticsProvenance;
				PRODUCT_NAME = "Ergentics Provenance";
				PROVISIONING_PROFILE_SPECIFIER = "";
				SKIP_INSTALL = NO;
				SWIFT_OBJC_BRIDGING_HEADER = Sources/ProvenanceReadOnly.h;
			};
			name = Release;
		};
		B60000000000000000000005 /* Debug */ = {
			isa = XCBuildConfiguration;
			buildSettings = {
				BUNDLE_LOADER = "";
				CODE_SIGN_IDENTITY = "Apple Development";
				CODE_SIGN_INJECT_BASE_ENTITLEMENTS = NO;
				CODE_SIGN_STYLE = Automatic;
				CODE_SIGNING_ALLOWED = YES;
				CODE_SIGNING_REQUIRED = YES;
				DEVELOPMENT_TEAM = ZCQ435U8JP;
				FRAMEWORK_SEARCH_PATHS = ("$(inherited)", "$(PLATFORM_DIR)/Developer/Library/Frameworks");
				GENERATE_INFOPLIST_FILE = YES;
				LD_RUNPATH_SEARCH_PATHS = ("$(inherited)", "@loader_path/Frameworks", "@executable_path/../Frameworks");
				PRODUCT_BUNDLE_IDENTIFIER = com.ergentics.provenance.tests;
				PRODUCT_MODULE_NAME = ProvenanceTests;
				PRODUCT_NAME = "$(TARGET_NAME)";
				PROVISIONING_PROFILE_SPECIFIER = "";
				SKIP_INSTALL = YES;
				TEST_HOST = "";
			};
			name = Debug;
		};
		B60000000000000000000006 /* Release */ = {
			isa = XCBuildConfiguration;
			buildSettings = {
				BUNDLE_LOADER = "";
				CODE_SIGN_IDENTITY = "Apple Development";
				CODE_SIGN_INJECT_BASE_ENTITLEMENTS = NO;
				CODE_SIGN_STYLE = Automatic;
				CODE_SIGNING_ALLOWED = YES;
				CODE_SIGNING_REQUIRED = YES;
				DEVELOPMENT_TEAM = ZCQ435U8JP;
				FRAMEWORK_SEARCH_PATHS = ("$(inherited)", "$(PLATFORM_DIR)/Developer/Library/Frameworks");
				GENERATE_INFOPLIST_FILE = YES;
				LD_RUNPATH_SEARCH_PATHS = ("$(inherited)", "@loader_path/Frameworks", "@executable_path/../Frameworks");
				PRODUCT_BUNDLE_IDENTIFIER = com.ergentics.provenance.tests;
				PRODUCT_MODULE_NAME = ProvenanceTests;
				PRODUCT_NAME = "$(TARGET_NAME)";
				PROVISIONING_PROFILE_SPECIFIER = "";
				SKIP_INSTALL = YES;
				TEST_HOST = "";
			};
			name = Release;
		};
/* End XCBuildConfiguration section */

/* Begin XCConfigurationList section */
		B70000000000000000000001 /* Build configuration list for project */ = {isa = XCConfigurationList; buildConfigurations = (B60000000000000000000001 /* Debug */, B60000000000000000000002 /* Release */); defaultConfigurationIsVisible = 0; defaultConfigurationName = Release; };
		B70000000000000000000002 /* Build configuration list for ErgenticsProvenance */ = {isa = XCConfigurationList; buildConfigurations = (B60000000000000000000003 /* Debug */, B60000000000000000000004 /* Release */); defaultConfigurationIsVisible = 0; defaultConfigurationName = Release; };
		B70000000000000000000003 /* Build configuration list for ProvenanceTests */ = {isa = XCConfigurationList; buildConfigurations = (B60000000000000000000005 /* Debug */, B60000000000000000000006 /* Release */); defaultConfigurationIsVisible = 0; defaultConfigurationName = Release; };
/* End XCConfigurationList section */
	};
	rootObject = BB0000000000000000000001 /* Project object */;
}
