{
  "originHash" : "8fe0eb8f7521e2defc2d5ecb829907b1d65188ac9cc339d890261f6c23e41576",
  "pins" : [
    {
      "identity" : "ergentics-mlx-swift",
      "kind" : "remoteSourceControl",
      "location" : "https://github.com/Ergentics/ergentics-mlx-swift",
      "state" : {
        "revision" : "d37885a278f1c37484a94d0f401a418735e66519"
      }
    },
    {
      "identity" : "swift-numerics",
      "kind" : "remoteSourceControl",
      "location" : "https://github.com/apple/swift-numerics",
      "state" : {
        "revision" : "0c0290ff6b24942dadb83a929ffaaa1481df04a2",
        "version" : "1.1.1"
      }
    }
  ],
  "version" : 3
}
