{
  "originHash" : "45ea20d3a2a1cc47e529acb983c7e64d21ca6dd652a9faf01bcb0794567b65bb",
  "pins" : [
    {
      "identity" : "ergentics-mlx-swift",
      "kind" : "remoteSourceControl",
      "location" : "https://github.com/Ergentics/ergentics-mlx-swift",
      "state" : {
        "revision" : "d37885a278f1c37484a94d0f401a418735e66519"
      }
    },
    {
      "identity" : "swift-numerics",
      "kind" : "remoteSourceControl",
      "location" : "https://github.com/apple/swift-numerics",
      "state" : {
        "revision" : "0c0290ff6b24942dadb83a929ffaaa1481df04a2",
        "version" : "1.1.1"
      }
    }
  ],
  "version" : 3
}
