{
  "originHash" : "5df810b3796bc3b254e58148ddcc9e4014c92c504845084743c1d3a580c2c895",
  "pins" : [
    {
      "identity" : "ergentics-mlx-swift",
      "kind" : "remoteSourceControl",
      "location" : "https://github.com/Ergentics/ergentics-mlx-swift",
      "state" : {
        "revision" : "d37885a278f1c37484a94d0f401a418735e66519"
      }
    },
    {
      "identity" : "mlx-swift-lm",
      "kind" : "remoteSourceControl",
      "location" : "https://github.com/ml-explore/mlx-swift-lm",
      "state" : {
        "revision" : "1c05248bb0899e2a7a4962b84d319cf12f4e12aa",
        "version" : "3.31.3"
      }
    },
    {
      "identity" : "swift-numerics",
      "kind" : "remoteSourceControl",
      "location" : "https://github.com/apple/swift-numerics",
      "state" : {
        "revision" : "0c0290ff6b24942dadb83a929ffaaa1481df04a2",
        "version" : "1.1.1"
      }
    },
    {
      "identity" : "swift-syntax",
      "kind" : "remoteSourceControl",
      "location" : "https://github.com/swiftlang/swift-syntax.git",
      "state" : {
        "revision" : "0687f71944021d616d34d922343dcef086855920",
        "version" : "600.0.1"
      }
    }
  ],
  "version" : 3
}
