<?xml version="1.0" encoding="UTF-8"?>
<Scheme LastUpgradeVersion="2660" version="1.7">
  <BuildAction parallelizeBuildables="YES" buildImplicitDependencies="NO">
    <BuildActionEntries>
      <BuildActionEntry buildForTesting="NO" buildForRunning="YES" buildForProfiling="YES" buildForArchiving="YES" buildForAnalyzing="YES">
        <BuildableReference BuildableIdentifier="primary" BlueprintIdentifier="A40000000000000000000005" BuildableName="Ergentics Private Compute.app" BlueprintName="ErgenticsPrivateCompute" ReferencedContainer="container:ErgenticsPrivateCompute.xcodeproj"/>
      </BuildActionEntry>
      <BuildActionEntry buildForTesting="YES" buildForRunning="NO" buildForProfiling="NO" buildForArchiving="NO" buildForAnalyzing="YES">
        <BuildableReference BuildableIdentifier="primary" BlueprintIdentifier="A40000000000000000000006" BuildableName="PrivateComputeCoreTests.xctest" BlueprintName="PrivateComputeCoreTests" ReferencedContainer="container:ErgenticsPrivateCompute.xcodeproj"/>
      </BuildActionEntry>
    </BuildActionEntries>
  </BuildAction>
  <TestAction buildConfiguration="Debug" selectedDebuggerIdentifier="Xcode.DebuggerFoundation.Debugger.LLDB" selectedLauncherIdentifier="Xcode.IDEFoundation.Launcher.LLDB" shouldUseLaunchSchemeArgsEnv="NO" codeCoverageEnabled="NO">
    <Testables>
      <TestableReference skipped="NO" parallelizable="NO">
        <BuildableReference BuildableIdentifier="primary" BlueprintIdentifier="A40000000000000000000006" BuildableName="PrivateComputeCoreTests.xctest" BlueprintName="PrivateComputeCoreTests" ReferencedContainer="container:ErgenticsPrivateCompute.xcodeproj"/>
      </TestableReference>
    </Testables>
  </TestAction>
  <LaunchAction buildConfiguration="Debug" selectedDebuggerIdentifier="" selectedLauncherIdentifier="Xcode.IDEFoundation.Launcher.PosixSpawn" launchStyle="0" useCustomWorkingDirectory="NO" ignoresPersistentStateOnLaunch="NO" debugDocumentVersioning="YES" debugServiceExtension="internal" allowLocationSimulation="NO">
    <BuildableProductRunnable runnableDebuggingMode="0">
      <BuildableReference BuildableIdentifier="primary" BlueprintIdentifier="A40000000000000000000005" BuildableName="Ergentics Private Compute.app" BlueprintName="ErgenticsPrivateCompute" ReferencedContainer="container:ErgenticsPrivateCompute.xcodeproj"/>
    </BuildableProductRunnable>
  </LaunchAction>
  <ProfileAction buildConfiguration="Release" shouldUseLaunchSchemeArgsEnv="NO" savedToolIdentifier="" useCustomWorkingDirectory="NO" debugDocumentVersioning="YES">
    <BuildableProductRunnable runnableDebuggingMode="0">
      <BuildableReference BuildableIdentifier="primary" BlueprintIdentifier="A40000000000000000000005" BuildableName="Ergentics Private Compute.app" BlueprintName="ErgenticsPrivateCompute" ReferencedContainer="container:ErgenticsPrivateCompute.xcodeproj"/>
    </BuildableProductRunnable>
  </ProfileAction>
  <AnalyzeAction buildConfiguration="Debug"/>
  <ArchiveAction buildConfiguration="Release" revealArchiveInOrganizer="YES"/>
</Scheme>

