{
  "originHash" : "7a0a78bc11d0e27a8d230cd11075e39bff428851d3411b18679987eb0a3bcbe6",
  "pins" : [
    {
      "identity" : "ergentics-mlx-swift",
      "kind" : "remoteSourceControl",
      "location" : "https://github.com/Ergentics/ergentics-mlx-swift",
      "state" : {
        "revision" : "d37885a278f1c37484a94d0f401a418735e66519"
      }
    },
    {
      "identity" : "swift-numerics",
      "kind" : "remoteSourceControl",
      "location" : "https://github.com/apple/swift-numerics",
      "state" : {
        "revision" : "0c0290ff6b24942dadb83a929ffaaa1481df04a2",
        "version" : "1.1.1"
      }
    }
  ],
  "version" : 3
}
