{
  "originHash" : "f4b7232483671d73f1b73796d3bff738ea2e3c3f286370ffc1f7e53b2697a8f9",
  "pins" : [
    {
      "identity" : "ergentics-mlx-swift",
      "kind" : "remoteSourceControl",
      "location" : "https://github.com/Ergentics/ergentics-mlx-swift",
      "state" : {
        "revision" : "d37885a278f1c37484a94d0f401a418735e66519"
      }
    },
    {
      "identity" : "swift-numerics",
      "kind" : "remoteSourceControl",
      "location" : "https://github.com/apple/swift-numerics",
      "state" : {
        "revision" : "0c0290ff6b24942dadb83a929ffaaa1481df04a2",
        "version" : "1.1.1"
      }
    }
  ],
  "version" : 3
}
